// !$*UTF8*$!
{
	archiveVersion = 1;
	classes = {
	};
	objectVersion = 46;
	objects = {

/* Begin PBXBuildFile section */
		285CD3E71DA0DB5000F68958 /* main.m in Sources */ = {isa = PBXBuildFile; fileRef = 285CD3E61DA0DB5000F68958 /* main.m */; };
		285CD3EA1DA0DB5000F68958 /* AppDelegate.m in Sources */ = {isa = PBXBuildFile; fileRef = 285CD3E91DA0DB5000F68958 /* AppDelegate.m */; };
		285CD3ED1DA0DB5000F68958 /* ViewController.m in Sources */ = {isa = PBXBuildFile; fileRef = 285CD3EC1DA0DB5000F68958 /* ViewController.m */; };
		285CD3F21DA0DB5000F68958 /* Assets.xcassets in Resources */ = {isa = PBXBuildFile; fileRef = 285CD3F11DA0DB5000F68958 /* Assets.xcassets */; };
		285CD3F51DA0DB5000F68958 /* LaunchScreen.storyboard in Resources */ = {isa = PBXBuildFile; fileRef = 285CD3F31DA0DB5000F68958 /* LaunchScreen.storyboard */; };
		28B80A861DA645FF00AD6030 /* MMACWrapper.m in Sources */ = {isa = PBXBuildFile; fileRef = 28B80A851DA645FF00AD6030 /* MMACWrapper.m */; };
		3BBE70A87DF5D7DD111A2A98 /* libPods-MMACWrapper.a in Frameworks */ = {isa = PBXBuildFile; fileRef = F502E17B4871C2693138CBBB /* libPods-MMACWrapper.a */; };
/* End PBXBuildFile section */

/* Begin PBXFileReference section */
		285CD3E21DA0DB5000F68958 /* MMACWrapper.app */ = {isa = PBXFileReference; explicitFileType = wrapper.application; includeInIndex = 0; path = MMACWrapper.app; sourceTree = BUILT_PRODUCTS_DIR; };
		285CD3E61DA0DB5000F68958 /* main.m */ = {isa = PBXFileReference; lastKnownFileType = sourcecode.c.objc; path = main.m; sourceTree = "<group>"; };
		285CD3E81DA0DB5000F68958 /* AppDelegate.h */ = {isa = PBXFileReference; lastKnownFileType = sourcecode.c.h; path = AppDelegate.h; sourceTree = "<group>"; };
		285CD3E91DA0DB5000F68958 /* AppDelegate.m */ = {isa = PBXFileReference; lastKnownFileType = sourcecode.c.objc; path = AppDelegate.m; sourceTree = "<group>"; };
		285CD3EB1DA0DB5000F68958 /* ViewController.h */ = {isa = PBXFileReference; lastKnownFileType = sourcecode.c.h; path = ViewController.h; sourceTree = "<group>"; };
		285CD3EC1DA0DB5000F68958 /* ViewController.m */ = {isa = PBXFileReference; lastKnownFileType = sourcecode.c.objc; path = ViewController.m; sourceTree = "<group>"; };
		285CD3F11DA0DB5000F68958 /* Assets.xcassets */ = {isa = PBXFileReference; lastKnownFileType = folder.assetcatalog; path = Assets.xcassets; sourceTree = "<group>"; };
		285CD3F41DA0DB5000F68958 /* Base */ = {isa = PBXFileReference; lastKnownFileType = file.storyboard; name = Base; path = Base.lproj/LaunchScreen.storyboard; sourceTree = "<group>"; };
		285CD3F61DA0DB5000F68958 /* Info.plist */ = {isa = PBXFileReference; lastKnownFileType = text.plist.xml; path = Info.plist; sourceTree = "<group>"; };
		28B80A841DA645FF00AD6030 /* MMACWrapper.h */ = {isa = PBXFileReference; fileEncoding = 4; lastKnownFileType = sourcecode.c.h; path = MMACWrapper.h; sourceTree = "<group>"; };
		28B80A851DA645FF00AD6030 /* MMACWrapper.m */ = {isa = PBXFileReference; fileEncoding = 4; lastKnownFileType = sourcecode.c.objc; path = MMACWrapper.m; sourceTree = "<group>"; };
		41F7BD1933356DBFCF8A03E3 /* Pods-MMACWrapper.debug.xcconfig */ = {isa = PBXFileReference; includeInIndex = 1; lastKnownFileType = text.xcconfig; name = "Pods-MMACWrapper.debug.xcconfig"; path = "Pods/Target Support Files/Pods-MMACWrapper/Pods-MMACWrapper.debug.xcconfig"; sourceTree = "<group>"; };
		87AC15CCF541CE4F906ADB24 /* Pods-MMACWrapper.release.xcconfig */ = {isa = PBXFileReference; includeInIndex = 1; lastKnownFileType = text.xcconfig; name = "Pods-MMACWrapper.release.xcconfig"; path = "Pods/Target Support Files/Pods-MMACWrapper/Pods-MMACWrapper.release.xcconfig"; sourceTree = "<group>"; };
		F502E17B4871C2693138CBBB /* libPods-MMACWrapper.a */ = {isa = PBXFileReference; explicitFileType = archive.ar; includeInIndex = 0; path = "libPods-MMACWrapper.a"; sourceTree = BUILT_PRODUCTS_DIR; };
/* End PBXFileReference section */

/* Begin PBXFrameworksBuildPhase section */
		285CD3DF1DA0DB4F00F68958 /* Frameworks */ = {
			isa = PBXFrameworksBuildPhase;
			buildActionMask = 2147483647;
			files = (
				3BBE70A87DF5D7DD111A2A98 /* libPods-MMACWrapper.a in Frameworks */,
			);
			runOnlyForDeploymentPostprocessing = 0;
		};
/* End PBXFrameworksBuildPhase section */

/* Begin PBXGroup section */
		09A5BDB7946DB353EAEF3E52 /* Frameworks */ = {
			isa = PBXGroup;
			children = (
				F502E17B4871C2693138CBBB /* libPods-MMACWrapper.a */,
			);
			name = Frameworks;
			sourceTree = "<group>";
		};
		285CD3D91DA0DB4F00F68958 = {
			isa = PBXGroup;
			children = (
				285CD3E41DA0DB5000F68958 /* MMACWrapper */,
				285CD3E31DA0DB5000F68958 /* Products */,
				6938022076F2DAC139DB6FA8 /* Pods */,
				09A5BDB7946DB353EAEF3E52 /* Frameworks */,
			);
			sourceTree = "<group>";
		};
		285CD3E31DA0DB5000F68958 /* Products */ = {
			isa = PBXGroup;
			children = (
				285CD3E21DA0DB5000F68958 /* MMACWrapper.app */,
			);
			name = Products;
			sourceTree = "<group>";
		};
		285CD3E41DA0DB5000F68958 /* MMACWrapper */ = {
			isa = PBXGroup;
			children = (
				28B80A831DA645FF00AD6030 /* MMACWrapper */,
				285CD3E81DA0DB5000F68958 /* AppDelegate.h */,
				285CD3E91DA0DB5000F68958 /* AppDelegate.m */,
				285CD3EB1DA0DB5000F68958 /* ViewController.h */,
				285CD3EC1DA0DB5000F68958 /* ViewController.m */,
				285CD3F11DA0DB5000F68958 /* Assets.xcassets */,
				285CD3F31DA0DB5000F68958 /* LaunchScreen.storyboard */,
				285CD3F61DA0DB5000F68958 /* Info.plist */,
				285CD3E51DA0DB5000F68958 /* Supporting Files */,
			);
			path = MMACWrapper;
			sourceTree = "<group>";
		};
		285CD3E51DA0DB5000F68958 /* Supporting Files */ = {
			isa = PBXGroup;
			children = (
				285CD3E61DA0DB5000F68958 /* main.m */,
			);
			name = "Supporting Files";
			sourceTree = "<group>";
		};
		28B80A831DA645FF00AD6030 /* MMACWrapper */ = {
			isa = PBXGroup;
			children = (
				28B80A841DA645FF00AD6030 /* MMACWrapper.h */,
				28B80A851DA645FF00AD6030 /* MMACWrapper.m */,
			);
			path = MMACWrapper;
			sourceTree = "<group>";
		};
		6938022076F2DAC139DB6FA8 /* Pods */ = {
			isa = PBXGroup;
			children = (
				41F7BD1933356DBFCF8A03E3 /* Pods-MMACWrapper.debug.xcconfig */,
				87AC15CCF541CE4F906ADB24 /* Pods-MMACWrapper.release.xcconfig */,
			);
			name = Pods;
			sourceTree = "<group>";
		};
/* End PBXGroup section */

/* Begin PBXNativeTarget section */
		285CD3E11DA0DB4F00F68958 /* MMACWrapper */ = {
			isa = PBXNativeTarget;
			buildConfigurationList = 285CD3F91DA0DB5000F68958 /* Build configuration list for PBXNativeTarget "MMACWrapper" */;
			buildPhases = (
				FF72E72D1414AAA8E3EE3244 /* [CP] Check Pods Manifest.lock */,
				285CD3DE1DA0DB4F00F68958 /* Sources */,
				285CD3DF1DA0DB4F00F68958 /* Frameworks */,
				285CD3E01DA0DB4F00F68958 /* Resources */,
				5D8A0A08CE16B52E42E2E3FC /* [CP] Embed Pods Frameworks */,
				EF27F27F7FA55D815C1CB41D /* [CP] Copy Pods Resources */,
			);
			buildRules = (
			);
			dependencies = (
			);
			name = MMACWrapper;
			productName = MMACWrapper;
			productReference = 285CD3E21DA0DB5000F68958 /* MMACWrapper.app */;
			productType = "com.apple.product-type.application";
		};
/* End PBXNativeTarget section */

/* Begin PBXProject section */
		285CD3DA1DA0DB4F00F68958 /* Project object */ = {
			isa = PBXProject;
			attributes = {
				LastUpgradeCheck = 0800;
				ORGANIZATIONNAME = "magnet-magic";
				TargetAttributes = {
					285CD3E11DA0DB4F00F68958 = {
						CreatedOnToolsVersion = 8.0;
						DevelopmentTeam = K8TBV3VF2T;
						ProvisioningStyle = Automatic;
					};
				};
			};
			buildConfigurationList = 285CD3DD1DA0DB4F00F68958 /* Build configuration list for PBXProject "MMACWrapper" */;
			compatibilityVersion = "Xcode 3.2";
			developmentRegion = English;
			hasScannedForEncodings = 0;
			knownRegions = (
				en,
				Base,
			);
			mainGroup = 285CD3D91DA0DB4F00F68958;
			productRefGroup = 285CD3E31DA0DB5000F68958 /* Products */;
			projectDirPath = "";
			projectRoot = "";
			targets = (
				285CD3E11DA0DB4F00F68958 /* MMACWrapper */,
			);
		};
/* End PBXProject section */

/* Begin PBXResourcesBuildPhase section */
		285CD3E01DA0DB4F00F68958 /* Resources */ = {
			isa = PBXResourcesBuildPhase;
			buildActionMask = 2147483647;
			files = (
				285CD3F51DA0DB5000F68958 /* LaunchScreen.storyboard in Resources */,
				285CD3F21DA0DB5000F68958 /* Assets.xcassets in Resources */,
			);
			runOnlyForDeploymentPostprocessing = 0;
		};
/* End PBXResourcesBuildPhase section */

/* Begin PBXShellScriptBuildPhase section */
		5D8A0A08CE16B52E42E2E3FC /* [CP] Embed Pods Frameworks */ = {
			isa = PBXShellScriptBuildPhase;
			buildActionMask = 2147483647;
			files = (
			);
			inputPaths = (
			);
			name = "[CP] Embed Pods Frameworks";
			outputPaths = (
			);
			runOnlyForDeploymentPostprocessing = 0;
			shellPath = /bin/sh;
			shellScript = "\"${SRCROOT}/Pods/Target Support Files/Pods-MMACWrapper/Pods-MMACWrapper-frameworks.sh\"\n";
			showEnvVarsInLog = 0;
		};
		EF27F27F7FA55D815C1CB41D /* [CP] Copy Pods Resources */ = {
			isa = PBXShellScriptBuildPhase;
			buildActionMask = 2147483647;
			files = (
			);
			inputPaths = (
			);
			name = "[CP] Copy Pods Resources";
			outputPaths = (
			);
			runOnlyForDeploymentPostprocessing = 0;
			shellPath = /bin/sh;
			shellScript = "\"${SRCROOT}/Pods/Target Support Files/Pods-MMACWrapper/Pods-MMACWrapper-resources.sh\"\n";
			showEnvVarsInLog = 0;
		};
		FF72E72D1414AAA8E3EE3244 /* [CP] Check Pods Manifest.lock */ = {
			isa = PBXShellScriptBuildPhase;
			buildActionMask = 2147483647;
			files = (
			);
			inputPaths = (
			);
			name = "[CP] Check Pods Manifest.lock";
			outputPaths = (
			);
			runOnlyForDeploymentPostprocessing = 0;
			shellPath = /bin/sh;
			shellScript = "diff \"${PODS_ROOT}/../Podfile.lock\" \"${PODS_ROOT}/Manifest.lock\" > /dev/null\nif [[ $? != 0 ]] ; then\n    cat << EOM\nerror: The sandbox is not in sync with the Podfile.lock. Run 'pod install' or update your CocoaPods installation.\nEOM\n    exit 1\nfi\n";
			showEnvVarsInLog = 0;
		};
/* End PBXShellScriptBuildPhase section */

/* Begin PBXSourcesBuildPhase section */
		285CD3DE1DA0DB4F00F68958 /* Sources */ = {
			isa = PBXSourcesBuildPhase;
			buildActionMask = 2147483647;
			files = (
				285CD3ED1DA0DB5000F68958 /* ViewController.m in Sources */,
				285CD3EA1DA0DB5000F68958 /* AppDelegate.m in Sources */,
				285CD3E71DA0DB5000F68958 /* main.m in Sources */,
				28B80A861DA645FF00AD6030 /* MMACWrapper.m in Sources */,
			);
			runOnlyForDeploymentPostprocessing = 0;
		};
/* End PBXSourcesBuildPhase section */

/* Begin PBXVariantGroup section */
		285CD3F31DA0DB5000F68958 /* LaunchScreen.storyboard */ = {
			isa = PBXVariantGroup;
			children = (
				285CD3F41DA0DB5000F68958 /* Base */,
			);
			name = LaunchScreen.storyboard;
			sourceTree = "<group>";
		};
/* End PBXVariantGroup section */

/* Begin XCBuildConfiguration section */
		285CD3F71DA0DB5000F68958 /* Debug */ = {
			isa = XCBuildConfiguration;
			buildSettings = {
				ALWAYS_SEARCH_USER_PATHS = NO;
				CLANG_ANALYZER_NONNULL = YES;
				CLANG_CXX_LANGUAGE_STANDARD = "gnu++0x";
				CLANG_CXX_LIBRARY = "libc++";
				CLANG_ENABLE_MODULES = YES;
				CLANG_ENABLE_OBJC_ARC = YES;
				CLANG_WARN_BOOL_CONVERSION = YES;
				CLANG_WARN_CONSTANT_CONVERSION = YES;
				CLANG_WARN_DIRECT_OBJC_ISA_USAGE = YES_ERROR;
				CLANG_WARN_DOCUMENTATION_COMMENTS = YES;
				CLANG_WARN_EMPTY_BODY = YES;
				CLANG_WARN_ENUM_CONVERSION = YES;
				CLANG_WARN_INFINITE_RECURSION = YES;
				CLANG_WARN_INT_CONVERSION = YES;
				CLANG_WARN_OBJC_ROOT_CLASS = YES_ERROR;
				CLANG_WARN_SUSPICIOUS_MOVE = YES;
				CLANG_WARN_SUSPICIOUS_MOVES = YES;
				CLANG_WARN_UNREACHABLE_CODE = YES;
				CLANG_WARN__DUPLICATE_METHOD_MATCH = YES;
				"CODE_SIGN_IDENTITY[sdk=iphoneos*]" = "iPhone Developer";
				COPY_PHASE_STRIP = NO;
				DEBUG_INFORMATION_FORMAT = dwarf;
				ENABLE_STRICT_OBJC_MSGSEND = YES;
				ENABLE_TESTABILITY = YES;
				GCC_C_LANGUAGE_STANDARD = gnu99;
				GCC_DYNAMIC_NO_PIC = NO;
				GCC_NO_COMMON_BLOCKS = YES;
				GCC_OPTIMIZATION_LEVEL = 0;
				GCC_PREPROCESSOR_DEFINITIONS = (
					"DEBUG=1",
					"$(inherited)",
				);
				GCC_WARN_64_TO_32_BIT_CONVERSION = YES;
				GCC_WARN_ABOUT_RETURN_TYPE = YES_ERROR;
				GCC_WARN_UNDECLARED_SELECTOR = YES;
				GCC_WARN_UNINITIALIZED_AUTOS = YES_AGGRESSIVE;
				GCC_WARN_UNUSED_FUNCTION = YES;
				GCC_WARN_UNUSED_VARIABLE = YES;
				IPHONEOS_DEPLOYMENT_TARGET = 10.0;
				MTL_ENABLE_DEBUG_INFO = YES;
				ONLY_ACTIVE_ARCH = YES;
				SDKROOT = iphoneos;
			};
			name = Debug;
		};
		285CD3F81DA0DB5000F68958 /* Release */ = {
			isa = XCBuildConfiguration;
			buildSettings = {
				ALWAYS_SEARCH_USER_PATHS = NO;
				CLANG_ANALYZER_NONNULL = YES;
				CLANG_CXX_LANGUAGE_STANDARD = "gnu++0x";
				CLANG_CXX_LIBRARY = "libc++";
				CLANG_ENABLE_MODULES = YES;
				CLANG_ENABLE_OBJC_ARC = YES;
				CLANG_WARN_BOOL_CONVERSION = YES;
				CLANG_WARN_CONSTANT_CONVERSION = YES;
				CLANG_WARN_DIRECT_OBJC_ISA_USAGE = YES_ERROR;
				CLANG_WARN_DOCUMENTATION_COMMENTS = YES;
				CLANG_WARN_EMPTY_BODY = YES;
				CLANG_WARN_ENUM_CONVERSION = YES;
				CLANG_WARN_INFINITE_RECURSION = YES;
				CLANG_WARN_INT_CONVERSION = YES;
				CLANG_WARN_OBJC_ROOT_CLASS = YES_ERROR;
				CLANG_WARN_SUSPICIOUS_MOVE = YES;
				CLANG_WARN_SUSPICIOUS_MOVES = YES;
				CLANG_WARN_UNREACHABLE_CODE = YES;
				CLANG_WARN__DUPLICATE_METHOD_MATCH = YES;
				"CODE_SIGN_IDENTITY[sdk=iphoneos*]" = "iPhone Developer";
				COPY_PHASE_STRIP = NO;
				DEBUG_INFORMATION_FORMAT = "dwarf-with-dsym";
				ENABLE_NS_ASSERTIONS = NO;
				ENABLE_STRICT_OBJC_MSGSEND = YES;
				GCC_C_LANGUAGE_STANDARD = gnu99;
				GCC_NO_COMMON_BLOCKS = YES;
				GCC_WARN_64_TO_32_BIT_CONVERSION = YES;
				GCC_WARN_ABOUT_RETURN_TYPE = YES_ERROR;
				GCC_WARN_UNDECLARED_SELECTOR = YES;
				GCC_WARN_UNINITIALIZED_AUTOS = YES_AGGRESSIVE;
				GCC_WARN_UNUSED_FUNCTION = YES;
				GCC_WARN_UNUSED_VARIABLE = YES;
				IPHONEOS_DEPLOYMENT_TARGET = 10.0;
				MTL_ENABLE_DEBUG_INFO = NO;
				SDKROOT = iphoneos;
				VALIDATE_PRODUCT = YES;
			};
			name = Release;
		};
		285CD3FA1DA0DB5000F68958 /* Debug */ = {
			isa = XCBuildConfiguration;
			baseConfigurationReference = 41F7BD1933356DBFCF8A03E3 /* Pods-MMACWrapper.debug.xcconfig */;
			buildSettings = {
				ASSETCATALOG_COMPILER_APPICON_NAME = AppIcon;
				DEVELOPMENT_TEAM = K8TBV3VF2T;
				INFOPLIST_FILE = MMACWrapper/Info.plist;
				LD_RUNPATH_SEARCH_PATHS = "$(inherited) @executable_path/Frameworks";
				PRODUCT_BUNDLE_IDENTIFIER = "com.magnet-magic.MMACWrapper";
				PRODUCT_NAME = "$(TARGET_NAME)";
			};
			name = Debug;
		};
		285CD3FB1DA0DB5000F68958 /* Release */ = {
			isa = XCBuildConfiguration;
			baseConfigurationReference = 87AC15CCF541CE4F906ADB24 /* Pods-MMACWrapper.release.xcconfig */;
			buildSettings = {
				ASSETCATALOG_COMPILER_APPICON_NAME = AppIcon;
				DEVELOPMENT_TEAM = K8TBV3VF2T;
				INFOPLIST_FILE = MMACWrapper/Info.plist;
				LD_RUNPATH_SEARCH_PATHS = "$(inherited) @executable_path/Frameworks";
				PRODUCT_BUNDLE_IDENTIFIER = "com.magnet-magic.MMACWrapper";
				PRODUCT_NAME = "$(TARGET_NAME)";
			};
			name = Release;
		};
/* End XCBuildConfiguration section */

/* Begin XCConfigurationList section */
		285CD3DD1DA0DB4F00F68958 /* Build configuration list for PBXProject "MMACWrapper" */ = {
			isa = XCConfigurationList;
			buildConfigurations = (
				285CD3F71DA0DB5000F68958 /* Debug */,
				285CD3F81DA0DB5000F68958 /* Release */,
			);
			defaultConfigurationIsVisible = 0;
			defaultConfigurationName = Release;
		};
		285CD3F91DA0DB5000F68958 /* Build configuration list for PBXNativeTarget "MMACWrapper" */ = {
			isa = XCConfigurationList;
			buildConfigurations = (
				285CD3FA1DA0DB5000F68958 /* Debug */,
				285CD3FB1DA0DB5000F68958 /* Release */,
			);
			defaultConfigurationIsVisible = 0;
			defaultConfigurationName = Release;
		};
/* End XCConfigurationList section */
	};
	rootObject = 285CD3DA1DA0DB4F00F68958 /* Project object */;
}
